
Microsoft Visual Studio Solution File, Format Version 12.00
# Visual Studio Version 17
VisualStudioVersion = 17.10.35013.160
MinimumVisualStudioVersion = 10.0.40219.1
Project("{FAE04EC0-301F-11D3-BF4B-00C04F79EFBC}") = "Presentacion", "Presentacion\Presentacion.csproj", "{44A15440-EB6F-4C3B-A9E5-8FD46B7FEACE}"
EndProject
Project("{FAE04EC0-301F-11D3-BF4B-00C04F79EFBC}") = "Negocio", "Negocio\Negocio.csproj", "{00E8AFB5-1BAB-438D-8F73-109ACB115719}"
EndProject
Project("{FAE04EC0-301F-11D3-BF4B-00C04F79EFBC}") = "Datos", "Datos\Datos.csproj", "{32CBC5DD-ABBA-4D7B-A2BD-27316F5C67BE}"
EndProject
Global
	GlobalSection(SolutionConfigurationPlatforms) = preSolution
		Debug|Any CPU = Debug|Any CPU
		Release|Any CPU = Release|Any CPU
	EndGlobalSection
	GlobalSection(ProjectConfigurationPlatforms) = postSolution
		{44A15440-EB6F-4C3B-A9E5-8FD46B7FEACE}.Debug|Any CPU.ActiveCfg = Debug|Any CPU
		{44A15440-EB6F-4C3B-A9E5-8FD46B7FEACE}.Debug|Any CPU.Build.0 = Debug|Any CPU
		{44A15440-EB6F-4C3B-A9E5-8FD46B7FEACE}.Release|Any CPU.ActiveCfg = Release|Any CPU
		{44A15440-EB6F-4C3B-A9E5-8FD46B7FEACE}.Release|Any CPU.Build.0 = Release|Any CPU
		{00E8AFB5-1BAB-438D-8F73-109ACB115719}.Debug|Any CPU.ActiveCfg = Debug|Any CPU
		{00E8AFB5-1BAB-438D-8F73-109ACB115719}.Debug|Any CPU.Build.0 = Debug|Any CPU
		{00E8AFB5-1BAB-438D-8F73-109ACB115719}.Release|Any CPU.ActiveCfg = Release|Any CPU
		{00E8AFB5-1BAB-438D-8F73-109ACB115719}.Release|Any CPU.Build.0 = Release|Any CPU
		{32CBC5DD-ABBA-4D7B-A2BD-27316F5C67BE}.Debug|Any CPU.ActiveCfg = Debug|Any CPU
		{32CBC5DD-ABBA-4D7B-A2BD-27316F5C67BE}.Debug|Any CPU.Build.0 = Debug|Any CPU
		{32CBC5DD-ABBA-4D7B-A2BD-27316F5C67BE}.Release|Any CPU.ActiveCfg = Release|Any CPU
		{32CBC5DD-ABBA-4D7B-A2BD-27316F5C67BE}.Release|Any CPU.Build.0 = Release|Any CPU
	EndGlobalSection
	GlobalSection(SolutionProperties) = preSolution
		HideSolutionNode = FALSE
	EndGlobalSection
	GlobalSection(ExtensibilityGlobals) = postSolution
		SolutionGuid = {18FB2BF1-55CD-4E5C-8E2F-BAFE28770ABD}
	EndGlobalSection
EndGlobal
